
Microsoft Visual Studio Solution File, Format Version 12.00
# Visual Studio Version 16
VisualStudioVersion = 16.0.32901.82
MinimumVisualStudioVersion = 10.0.40219.1
Project("{8BC9CEB8-8B4A-11D0-8D11-00A0C91BC942}") = "Week5-Operators-helper", "Week5-Operators-helper\Week5-Operators-helper.vcxproj", "{0AD1A74D-9307-43B1-A017-B735AF90F233}"
EndProject
Global
	GlobalSection(SolutionConfigurationPlatforms) = preSolution
		Debug|x64 = Debug|x64
		Debug|x86 = Debug|x86
		Release|x64 = Release|x64
		Release|x86 = Release|x86
	EndGlobalSection
	GlobalSection(ProjectConfigurationPlatforms) = postSolution
		{0AD1A74D-9307-43B1-A017-B735AF90F233}.Debug|x64.ActiveCfg = Debug|x64
		{0AD1A74D-9307-43B1-A017-B735AF90F233}.Debug|x64.Build.0 = Debug|x64
		{0AD1A74D-9307-43B1-A017-B735AF90F233}.Debug|x86.ActiveCfg = Debug|Win32
		{0AD1A74D-9307-43B1-A017-B735AF90F233}.Debug|x86.Build.0 = Debug|Win32
		{0AD1A74D-9307-43B1-A017-B735AF90F233}.Release|x64.ActiveCfg = Release|x64
		{0AD1A74D-9307-43B1-A017-B735AF90F233}.Release|x64.Build.0 = Release|x64
		{0AD1A74D-9307-43B1-A017-B735AF90F233}.Release|x86.ActiveCfg = Release|Win32
		{0AD1A74D-9307-43B1-A017-B735AF90F233}.Release|x86.Build.0 = Release|Win32
	EndGlobalSection
	GlobalSection(SolutionProperties) = preSolution
		HideSolutionNode = FALSE
	EndGlobalSection
	GlobalSection(ExtensibilityGlobals) = postSolution
		SolutionGuid = {12690DED-4E6F-42B7-9CEE-FD94F71FA1A7}
	EndGlobalSection
EndGlobal
